
Microsoft Visual Studio Solution File, Format Version 12.00
Project("{FAE04EC0-301F-11D3-BF4B-00C04F79EFBC}") = "Authentication", "Authentication\Authentication.csproj", "{C41FA542-1A48-457B-A118-4193368306AA}"
EndProject
Project("{FAE04EC0-301F-11D3-BF4B-00C04F79EFBC}") = "Authentication.Tests", "Authentication.Tests\Authentication.Tests.csproj", "{4A01F2C8-1C3D-45BA-86DC-43A80ED2CDB5}"
EndProject
Global
	GlobalSection(SolutionConfigurationPlatforms) = preSolution
		Debug|Any CPU = Debug|Any CPU
		Release|Any CPU = Release|Any CPU
	EndGlobalSection
	GlobalSection(ProjectConfigurationPlatforms) = postSolution
		{C41FA542-1A48-457B-A118-4193368306AA}.Debug|Any CPU.ActiveCfg = Debug|Any CPU
		{C41FA542-1A48-457B-A118-4193368306AA}.Debug|Any CPU.Build.0 = Debug|Any CPU
		{C41FA542-1A48-457B-A118-4193368306AA}.Release|Any CPU.ActiveCfg = Release|Any CPU
		{C41FA542-1A48-457B-A118-4193368306AA}.Release|Any CPU.Build.0 = Release|Any CPU
		{4A01F2C8-1C3D-45BA-86DC-43A80ED2CDB5}.Debug|Any CPU.ActiveCfg = Debug|Any CPU
		{4A01F2C8-1C3D-45BA-86DC-43A80ED2CDB5}.Debug|Any CPU.Build.0 = Debug|Any CPU
		{4A01F2C8-1C3D-45BA-86DC-43A80ED2CDB5}.Release|Any CPU.ActiveCfg = Release|Any CPU
		{4A01F2C8-1C3D-45BA-86DC-43A80ED2CDB5}.Release|Any CPU.Build.0 = Release|Any CPU
	EndGlobalSection
EndGlobal
